
Microsoft Visual Studio Solution File, Format Version 12.00
# Visual Studio 15
VisualStudioVersion = 15.0.27130.2027
MinimumVisualStudioVersion = 10.0.40219.1
Project("{8BC9CEB8-8B4A-11D0-8D11-00A0C91BC942}") = "neweStrikeBall", "neweStrikeBall.vcxproj", "{0336E952-FFD2-4FFA-86D2-E896F7BDF87C}"
EndProject
Global
	GlobalSection(SolutionConfigurationPlatforms) = preSolution
		Debug|x64 = Debug|x64
		Debug|x86 = Debug|x86
		Release|x64 = Release|x64
		Release|x86 = Release|x86
	EndGlobalSection
	GlobalSection(ProjectConfigurationPlatforms) = postSolution
		{0336E952-FFD2-4FFA-86D2-E896F7BDF87C}.Debug|x64.ActiveCfg = Debug|x64
		{0336E952-FFD2-4FFA-86D2-E896F7BDF87C}.Debug|x64.Build.0 = Debug|x64
		{0336E952-FFD2-4FFA-86D2-E896F7BDF87C}.Debug|x86.ActiveCfg = Debug|Win32
		{0336E952-FFD2-4FFA-86D2-E896F7BDF87C}.Debug|x86.Build.0 = Debug|Win32
		{0336E952-FFD2-4FFA-86D2-E896F7BDF87C}.Release|x64.ActiveCfg = Release|x64
		{0336E952-FFD2-4FFA-86D2-E896F7BDF87C}.Release|x64.Build.0 = Release|x64
		{0336E952-FFD2-4FFA-86D2-E896F7BDF87C}.Release|x86.ActiveCfg = Release|Win32
		{0336E952-FFD2-4FFA-86D2-E896F7BDF87C}.Release|x86.Build.0 = Release|Win32
	EndGlobalSection
	GlobalSection(SolutionProperties) = preSolution
		HideSolutionNode = FALSE
	EndGlobalSection
	GlobalSection(ExtensibilityGlobals) = postSolution
		SolutionGuid = {C5704BA0-DF0A-4466-AC51-C4A3BF0763EB}
	EndGlobalSection
EndGlobal
